
Microsoft Visual Studio Solution File, Format Version 12.00
# Visual Studio 15
Project("{FAE04EC0-301F-11D3-BF4B-00C04F79EFBC}") = "GraphCalculator", "GraphCalculator\GraphCalculator.csproj", "{3BC41F02-A2AB-4397-89F1-82F6FD9F11FC}"
EndProject
Global
	GlobalSection(SolutionConfigurationPlatforms) = preSolution
		Debug|Any CPU = Debug|Any CPU
		Release|Any CPU = Release|Any CPU
	EndGlobalSection
	GlobalSection(ProjectConfigurationPlatforms) = postSolution
		{3BC41F02-A2AB-4397-89F1-82F6FD9F11FC}.Debug|Any CPU.ActiveCfg = Debug|Any CPU
		{3BC41F02-A2AB-4397-89F1-82F6FD9F11FC}.Debug|Any CPU.Build.0 = Debug|Any CPU
		{3BC41F02-A2AB-4397-89F1-82F6FD9F11FC}.Release|Any CPU.ActiveCfg = Release|Any CPU
		{3BC41F02-A2AB-4397-89F1-82F6FD9F11FC}.Release|Any CPU.Build.0 = Release|Any CPU
	EndGlobalSection
EndGlobal
